lockfileVersion: '9.0'

settings:
  autoInstallPeers: true
  excludeLinksFromLockfile: false

importers:

  .:
    dependencies:
      '@swc/core':
        specifier: ^1.6.13
        version: 1.6.13
      '@vercel/ncc':
        specifier: 0.38.1
        version: 0.38.1
      rollup:
        specifier: ^4.17.1
        version: 4.17.1
      rollup-plugin-dts:
        specifier: ^6.1.0
        version: 6.1.0(rollup@4.17.1)(typescript@5.4.5)
    devDependencies:
      '@types/fs-extra':
        specifier: ^11.0.4
        version: 11.0.4
      '@types/node':
        specifier: 18.x
        version: 18.19.31
      fast-glob:
        specifier: ^3.3.2
        version: 3.3.2
      fs-extra:
        specifier: ^11.2.0
        version: 11.2.0
      prettier:
        specifier: ^3.2.5
        version: 3.2.5
      rslog:
        specifier: ^1.2.2
        version: 1.2.2
      typescript:
        specifier: ^5.4.2
        version: 5.4.5

packages:

  '@babel/code-frame@7.24.2':
    resolution: {integrity: sha512-y5+tLQyV8pg3fsiln67BVLD1P13Eg4lh5RW9mF0zUuvLrv9uIQ4MCL+CRT+FTsBlBjcIan6PGsLcBN0m3ClUyQ==}
    engines: {node: '>=6.9.0'}

  '@babel/helper-validator-identifier@7.22.20':
    resolution: {integrity: sha512-Y4OZ+ytlatR8AI+8KZfKuL5urKp7qey08ha31L8b3BwewJAoJamTzyvxPR/5D+KkdJCGPq/+8TukHBlY10FX9A==}
    engines: {node: '>=6.9.0'}

  '@babel/highlight@7.24.2':
    resolution: {integrity: sha512-Yac1ao4flkTxTteCDZLEvdxg2fZfz1v8M4QpaGypq/WPDqg3ijHYbDfs+LG5hvzSoqaSZ9/Z9lKSP3CjZjv+pA==}
    engines: {node: '>=6.9.0'}

  '@jridgewell/sourcemap-codec@1.4.15':
    resolution: {integrity: sha512-eF2rxCRulEKXHTRiDrDy6erMYWqNw4LPdQ8UQA4huuxaQsVeRPFl2oM8oDGxMFhJUWZf9McpLtJasDDZb/Bpeg==}

  '@nodelib/fs.scandir@2.1.5':
    resolution: {integrity: sha512-vq24Bq3ym5HEQm2NKCr3yXDwjc7vTsEThRDnkp2DK9p1uqLR+DHurm/NOTo0KG7HYHU7eppKZj3MyqYuMBf62g==}
    engines: {node: '>= 8'}

  '@nodelib/fs.stat@2.0.5':
    resolution: {integrity: sha512-RkhPPp2zrqDAQA/2jNhnztcPAlv64XdhIp7a7454A5ovI7Bukxgt7MX7udwAu3zg1DcpPU0rz3VV1SeaqvY4+A==}
    engines: {node: '>= 8'}

  '@nodelib/fs.walk@1.2.8':
    resolution: {integrity: sha512-oGB+UxlgWcgQkgwo8GcEGwemoTFt3FIO9ababBmaGwXIoBKZ+GTy0pP185beGg7Llih/NSHSV2XAs1lnznocSg==}
    engines: {node: '>= 8'}

  '@rollup/rollup-android-arm-eabi@4.17.1':
    resolution: {integrity: sha512-P6Wg856Ou/DLpR+O0ZLneNmrv7QpqBg+hK4wE05ijbC/t349BRfMfx+UFj5Ha3fCFopIa6iSZlpdaB4agkWp2Q==}
    cpu: [arm]
    os: [android]

  '@rollup/rollup-android-arm64@4.17.1':
    resolution: {integrity: sha512-piwZDjuW2WiHr05djVdUkrG5JbjnGbtx8BXQchYCMfib/nhjzWoiScelZ+s5IJI7lecrwSxHCzW026MWBL+oJQ==}
    cpu: [arm64]
    os: [android]

  '@rollup/rollup-darwin-arm64@4.17.1':
    resolution: {integrity: sha512-LsZXXIsN5Q460cKDT4Y+bzoPDhBmO5DTr7wP80d+2EnYlxSgkwdPfE3hbE+Fk8dtya+8092N9srjBTJ0di8RIA==}
    cpu: [arm64]
    os: [darwin]

  '@rollup/rollup-darwin-x64@4.17.1':
    resolution: {integrity: sha512-S7TYNQpWXB9APkxu/SLmYHezWwCoZRA9QLgrDeml+SR2A1LLPD2DBUdUlvmCF7FUpRMKvbeeWky+iizQj65Etw==}
    cpu: [x64]
    os: [darwin]

  '@rollup/rollup-linux-arm-gnueabihf@4.17.1':
    resolution: {integrity: sha512-Lq2JR5a5jsA5um2ZoLiXXEaOagnVyCpCW7xvlcqHC7y46tLwTEgUSTM3a2TfmmTMmdqv+jknUioWXlmxYxE9Yw==}
    cpu: [arm]
    os: [linux]
    libc: [glibc]

  '@rollup/rollup-linux-arm-musleabihf@4.17.1':
    resolution: {integrity: sha512-9BfzwyPNV0IizQoR+5HTNBGkh1KXE8BqU0DBkqMngmyFW7BfuIZyMjQ0s6igJEiPSBvT3ZcnIFohZ19OqjhDPg==}
    cpu: [arm]
    os: [linux]
    libc: [musl]

  '@rollup/rollup-linux-arm64-gnu@4.17.1':
    resolution: {integrity: sha512-e2uWaoxo/rtzA52OifrTSXTvJhAXb0XeRkz4CdHBK2KtxrFmuU/uNd544Ogkpu938BzEfvmWs8NZ8Axhw33FDw==}
    cpu: [arm64]
    os: [linux]
    libc: [glibc]

  '@rollup/rollup-linux-arm64-musl@4.17.1':
    resolution: {integrity: sha512-ekggix/Bc/d/60H1Mi4YeYb/7dbal1kEDZ6sIFVAE8pUSx7PiWeEh+NWbL7bGu0X68BBIkgF3ibRJe1oFTksQQ==}
    cpu: [arm64]
    os: [linux]
    libc: [musl]

  '@rollup/rollup-linux-powerpc64le-gnu@4.17.1':
    resolution: {integrity: sha512-UGV0dUo/xCv4pkr/C8KY7XLFwBNnvladt8q+VmdKrw/3RUd3rD0TptwjisvE2TTnnlENtuY4/PZuoOYRiGp8Gw==}
    cpu: [ppc64]
    os: [linux]
    libc: [glibc]

  '@rollup/rollup-linux-riscv64-gnu@4.17.1':
    resolution: {integrity: sha512-gEYmYYHaehdvX46mwXrU49vD6Euf1Bxhq9pPb82cbUU9UT2NV+RSckQ5tKWOnNXZixKsy8/cPGtiUWqzPuAcXQ==}
    cpu: [riscv64]
    os: [linux]
    libc: [glibc]

  '@rollup/rollup-linux-s390x-gnu@4.17.1':
    resolution: {integrity: sha512-xeae5pMAxHFp6yX5vajInG2toST5lsCTrckSRUFwNgzYqnUjNBcQyqk1bXUxX5yhjWFl2Mnz3F8vQjl+2FRIcw==}
    cpu: [s390x]
    os: [linux]
    libc: [glibc]

  '@rollup/rollup-linux-x64-gnu@4.17.1':
    resolution: {integrity: sha512-AsdnINQoDWfKpBzCPqQWxSPdAWzSgnYbrJYtn6W0H2E9It5bZss99PiLA8CgmDRfvKygt20UpZ3xkhFlIfX9zQ==}
    cpu: [x64]
    os: [linux]
    libc: [glibc]

  '@rollup/rollup-linux-x64-musl@4.17.1':
    resolution: {integrity: sha512-KoB4fyKXTR+wYENkIG3fFF+5G6N4GFvzYx8Jax8BR4vmddtuqSb5oQmYu2Uu067vT/Fod7gxeQYKupm8gAcMSQ==}
    cpu: [x64]
    os: [linux]
    libc: [musl]

  '@rollup/rollup-win32-arm64-msvc@4.17.1':
    resolution: {integrity: sha512-J0d3NVNf7wBL9t4blCNat+d0PYqAx8wOoY+/9Q5cujnafbX7BmtYk3XvzkqLmFECaWvXGLuHmKj/wrILUinmQg==}
    cpu: [arm64]
    os: [win32]

  '@rollup/rollup-win32-ia32-msvc@4.17.1':
    resolution: {integrity: sha512-xjgkWUwlq7IbgJSIxvl516FJ2iuC/7ttjsAxSPpC9kkI5iQQFHKyEN5BjbhvJ/IXIZ3yIBcW5QDlWAyrA+TFag==}
    cpu: [ia32]
    os: [win32]

  '@rollup/rollup-win32-x64-msvc@4.17.1':
    resolution: {integrity: sha512-0QbCkfk6cnnVKWqqlC0cUrrUMDMfu5ffvYMTUHf+qMN2uAb3MKP31LPcwiMXBNsvoFGs/kYdFOsuLmvppCopXA==}
    cpu: [x64]
    os: [win32]

  '@swc/core-darwin-arm64@1.6.13':
    resolution: {integrity: sha512-SOF4buAis72K22BGJ3N8y88mLNfxLNprTuJUpzikyMGrvkuBFNcxYtMhmomO0XHsgLDzOJ+hWzcgjRNzjMsUcQ==}
    engines: {node: '>=10'}
    cpu: [arm64]
    os: [darwin]

  '@swc/core-darwin-x64@1.6.13':
    resolution: {integrity: sha512-AW8akFSC+tmPE6YQQvK9S2A1B8pjnXEINg+gGgw0KRUUXunvu1/OEOeC5L2Co1wAwhD7bhnaefi06Qi9AiwOag==}
    engines: {node: '>=10'}
    cpu: [x64]
    os: [darwin]

  '@swc/core-linux-arm-gnueabihf@1.6.13':
    resolution: {integrity: sha512-f4gxxvDXVUm2HLYXRd311mSrmbpQF2MZ4Ja6XCQz1hWAxXdhRl1gpnZ+LH/xIfGSwQChrtLLVrkxdYUCVuIjFg==}
    engines: {node: '>=10'}
    cpu: [arm]
    os: [linux]

  '@swc/core-linux-arm64-gnu@1.6.13':
    resolution: {integrity: sha512-Nf/eoW2CbG8s+9JoLtjl9FByBXyQ5cjdBsA4efO7Zw4p+YSuXDgc8HRPC+E2+ns0praDpKNZtLvDtmF2lL+2Gg==}
    engines: {node: '>=10'}
    cpu: [arm64]
    os: [linux]
    libc: [glibc]

  '@swc/core-linux-arm64-musl@1.6.13':
    resolution: {integrity: sha512-2OysYSYtdw79prJYuKIiux/Gj0iaGEbpS2QZWCIY4X9sGoETJ5iMg+lY+YCrIxdkkNYd7OhIbXdYFyGs/w5LDg==}
    engines: {node: '>=10'}
    cpu: [arm64]
    os: [linux]
    libc: [musl]

  '@swc/core-linux-x64-gnu@1.6.13':
    resolution: {integrity: sha512-PkR4CZYJNk5hcd2+tMWBpnisnmYsUzazI1O5X7VkIGFcGePTqJ/bWlfUIVVExWxvAI33PQFzLbzmN5scyIUyGQ==}
    engines: {node: '>=10'}
    cpu: [x64]
    os: [linux]
    libc: [glibc]

  '@swc/core-linux-x64-musl@1.6.13':
    resolution: {integrity: sha512-OdsY7wryTxCKwGQcwW9jwWg3cxaHBkTTHi91+5nm7hFPpmZMz1HivJrWAMwVE7iXFw+M4l6ugB/wCvpYrUAAjA==}
    engines: {node: '>=10'}
    cpu: [x64]
    os: [linux]
    libc: [musl]

  '@swc/core-win32-arm64-msvc@1.6.13':
    resolution: {integrity: sha512-ap6uNmYjwk9M/+bFEuWRNl3hq4VqgQ/Lk+ID/F5WGqczNr0L7vEf+pOsRAn0F6EV+o/nyb3ePt8rLhE/wjHpPg==}
    engines: {node: '>=10'}
    cpu: [arm64]
    os: [win32]

  '@swc/core-win32-ia32-msvc@1.6.13':
    resolution: {integrity: sha512-IJ8KH4yIUHTnS/U1jwQmtbfQals7zWPG0a9hbEfIr4zI0yKzjd83lmtS09lm2Q24QBWOCFGEEbuZxR4tIlvfzA==}
    engines: {node: '>=10'}
    cpu: [ia32]
    os: [win32]

  '@swc/core-win32-x64-msvc@1.6.13':
    resolution: {integrity: sha512-f6/sx6LMuEnbuxtiSL/EkR0Y6qUHFw1XVrh6rwzKXptTipUdOY+nXpKoh+1UsBm/r7H0/5DtOdrn3q5ZHbFZjQ==}
    engines: {node: '>=10'}
    cpu: [x64]
    os: [win32]

  '@swc/core@1.6.13':
    resolution: {integrity: sha512-eailUYex6fkfaQTev4Oa3mwn0/e3mQU4H8y1WPuImYQESOQDtVrowwUGDSc19evpBbHpKtwM+hw8nLlhIsF+Tw==}
    engines: {node: '>=10'}
    peerDependencies:
      '@swc/helpers': '*'
    peerDependenciesMeta:
      '@swc/helpers':
        optional: true

  '@swc/counter@0.1.3':
    resolution: {integrity: sha512-e2BR4lsJkkRlKZ/qCHPw9ZaSxc0MVUd7gtbtaB7aMvHeJVYe8sOB8DBZkP2DtISHGSku9sCK6T6cnY0CtXrOCQ==}

  '@swc/types@0.1.9':
    resolution: {integrity: sha512-qKnCno++jzcJ4lM4NTfYifm1EFSCeIfKiAHAfkENZAV5Kl9PjJIyd2yeeVv6c/2CckuLyv2NmRC5pv6pm2WQBg==}

  '@types/estree@1.0.5':
    resolution: {integrity: sha512-/kYRxGDLWzHOB7q+wtSUQlFrtcdUccpfy+X+9iMBpHK8QLLhx2wIPYuS5DYtR9Wa/YlZAbIovy7qVdB1Aq6Lyw==}

  '@types/fs-extra@11.0.4':
    resolution: {integrity: sha512-yTbItCNreRooED33qjunPthRcSjERP1r4MqCZc7wv0u2sUkzTFp45tgUfS5+r7FrZPdmCCNflLhVSP/o+SemsQ==}

  '@types/jsonfile@6.1.4':
    resolution: {integrity: sha512-D5qGUYwjvnNNextdU59/+fI+spnwtTFmyQP0h+PfIOSkNfpU6AOICUOkm4i0OnSk+NyjdPJrxCDro0sJsWlRpQ==}

  '@types/node@18.19.31':
    resolution: {integrity: sha512-ArgCD39YpyyrtFKIqMDvjz79jto5fcI/SVUs2HwB+f0dAzq68yqOdyaSivLiLugSziTpNXLQrVb7RZFmdZzbhA==}

  '@vercel/ncc@0.38.1':
    resolution: {integrity: sha512-IBBb+iI2NLu4VQn3Vwldyi2QwaXt5+hTyh58ggAMoCGE6DJmPvwL3KPBWcJl1m9LYPChBLE980Jw+CS4Wokqxw==}
    hasBin: true

  ansi-styles@3.2.1:
    resolution: {integrity: sha512-VT0ZI6kZRdTh8YyJw3SMbYm/u+NqfsAxEpWO0Pf9sq8/e94WxxOpPKx9FR1FlyCtOVDNOQ+8ntlqFxiRc+r5qA==}
    engines: {node: '>=4'}

  braces@3.0.2:
    resolution: {integrity: sha512-b8um+L1RzM3WDSzvhm6gIz1yfTbBt6YTlcEKAvsmqCZZFw46z626lVj9j1yEPW33H5H+lBQpZMP1k8l+78Ha0A==}
    engines: {node: '>=8'}

  chalk@2.4.2:
    resolution: {integrity: sha512-Mti+f9lpJNcwF4tWV8/OrTTtF1gZi+f8FqlyAdouralcFWFQWF2+NgCHShjkCb+IFBLq9buZwE1xckQU4peSuQ==}
    engines: {node: '>=4'}

  color-convert@1.9.3:
    resolution: {integrity: sha512-QfAUtd+vFdAtFQcC8CCyYt1fYWxSqAiK2cSD6zDB8N3cpsEBAvRxp9zOGg6G/SHHJYAT88/az/IuDGALsNVbGg==}

  color-name@1.1.3:
    resolution: {integrity: sha512-72fSenhMw2HZMTVHeCA9KCmpEIbzWiQsjN+BHcBbS9vr1mtt+vJjPdksIBNUmKAW8TFUDPJK5SUU3QhE9NEXDw==}

  escape-string-regexp@1.0.5:
    resolution: {integrity: sha512-vbRorB5FUQWvla16U8R/qgaFIya2qGzwDrNmCZuYKrbdSUMG6I1ZCGQRefkRVhuOkIGVne7BQ35DSfo1qvJqFg==}
    engines: {node: '>=0.8.0'}

  fast-glob@3.3.2:
    resolution: {integrity: sha512-oX2ruAFQwf/Orj8m737Y5adxDQO0LAB7/S5MnxCdTNDd4p6BsyIVsv9JQsATbTSq8KHRpLwIHbVlUNatxd+1Ow==}
    engines: {node: '>=8.6.0'}

  fastq@1.17.1:
    resolution: {integrity: sha512-sRVD3lWVIXWg6By68ZN7vho9a1pQcN/WBFaAAsDDFzlJjvoGx0P8z7V1t72grFJfJhu3YPZBuu25f7Kaw2jN1w==}

  fill-range@7.0.1:
    resolution: {integrity: sha512-qOo9F+dMUmC2Lcb4BbVvnKJxTPjCm+RRpe4gDuGrzkL7mEVl/djYSu2OdQ2Pa302N4oqkSg9ir6jaLWJ2USVpQ==}
    engines: {node: '>=8'}

  fs-extra@11.2.0:
    resolution: {integrity: sha512-PmDi3uwK5nFuXh7XDTlVnS17xJS7vW36is2+w3xcv8SVxiB4NyATf4ctkVY5bkSjX0Y4nbvZCq1/EjtEyr9ktw==}
    engines: {node: '>=14.14'}

  fsevents@2.3.3:
    resolution: {integrity: sha512-5xoDfX+fL7faATnagmWPpbFtwh/R77WmMMqqHGS65C3vvB0YHrgF+B1YmZ3441tMj5n63k0212XNoJwzlhffQw==}
    engines: {node: ^8.16.0 || ^10.6.0 || >=11.0.0}
    os: [darwin]

  glob-parent@5.1.2:
    resolution: {integrity: sha512-AOIgSQCepiJYwP3ARnGx+5VnTu2HBYdzbGP45eLw1vr3zB3vZLeyed1sC9hnbcOc9/SrMyM5RPQrkGz4aS9Zow==}
    engines: {node: '>= 6'}

  graceful-fs@4.2.11:
    resolution: {integrity: sha512-RbJ5/jmFcNNCcDV5o9eTnBLJ/HszWV0P73bc+Ff4nS/rJj+YaS6IGyiOL0VoBYX+l1Wrl3k63h/KrH+nhJ0XvQ==}

  has-flag@3.0.0:
    resolution: {integrity: sha512-sKJf1+ceQBr4SMkvQnBDNDtf4TXpVhVGateu0t918bl30FnbE2m4vNLX+VWe/dpjlb+HugGYzW7uQXH98HPEYw==}
    engines: {node: '>=4'}

  is-extglob@2.1.1:
    resolution: {integrity: sha512-SbKbANkN603Vi4jEZv49LeVJMn4yGwsbzZworEoyEiutsN3nJYdbO36zfhGJ6QEDpOZIFkDtnq5JRxmvl3jsoQ==}
    engines: {node: '>=0.10.0'}

  is-glob@4.0.3:
    resolution: {integrity: sha512-xelSayHH36ZgE7ZWhli7pW34hNbNl8Ojv5KVmkJD4hBdD3th8Tfk9vYasLM+mXWOZhFkgZfxhLSnrwRr4elSSg==}
    engines: {node: '>=0.10.0'}

  is-number@7.0.0:
    resolution: {integrity: sha512-41Cifkg6e8TylSpdtTpeLVMqvSBEVzTttHvERD741+pnZ8ANv0004MRL43QKPDlK9cGvNp6NZWZUBlbGXYxxng==}
    engines: {node: '>=0.12.0'}

  js-tokens@4.0.0:
    resolution: {integrity: sha512-RdJUflcE3cUzKiMqQgsCu06FPu9UdIJO0beYbPhHN4k6apgJtifcoCtT9bcxOpYBtpD2kCM6Sbzg4CausW/PKQ==}

  jsonfile@6.1.0:
    resolution: {integrity: sha512-5dgndWOriYSm5cnYaJNhalLNDKOqFwyDB/rr1E9ZsGciGvKPs8R2xYGCacuf3z6K1YKDz182fd+fY3cn3pMqXQ==}

  magic-string@0.30.10:
    resolution: {integrity: sha512-iIRwTIf0QKV3UAnYK4PU8uiEc4SRh5jX0mwpIwETPpHdhVM4f53RSwS/vXvN1JhGX+Cs7B8qIq3d6AH49O5fAQ==}

  merge2@1.4.1:
    resolution: {integrity: sha512-8q7VEgMJW4J8tcfVPy8g09NcQwZdbwFEqhe/WZkoIzjn/3TGDwtOCYtXGxA3O8tPzpczCCDgv+P2P5y00ZJOOg==}
    engines: {node: '>= 8'}

  micromatch@4.0.5:
    resolution: {integrity: sha512-DMy+ERcEW2q8Z2Po+WNXuw3c5YaUSFjAO5GsJqfEl7UjvtIuFKO6ZrKvcItdy98dwFI2N1tg3zNIdKaQT+aNdA==}
    engines: {node: '>=8.6'}

  picocolors@1.0.0:
    resolution: {integrity: sha512-1fygroTLlHu66zi26VoTDv8yRgm0Fccecssto+MhsZ0D/DGW2sm8E8AjW7NU5VVTRt5GxbeZ5qBuJr+HyLYkjQ==}

  picomatch@2.3.1:
    resolution: {integrity: sha512-JU3teHTNjmE2VCGFzuY8EXzCDVwEqB2a8fsIvwaStHhAWJEeVd1o1QD80CU6+ZdEXXSLbSsuLwJjkCBWqRQUVA==}
    engines: {node: '>=8.6'}

  prettier@3.2.5:
    resolution: {integrity: sha512-3/GWa9aOC0YeD7LUfvOG2NiDyhOWRvt1k+rcKhOuYnMY24iiCphgneUfJDyFXd6rZCAnuLBv6UeAULtrhT/F4A==}
    engines: {node: '>=14'}
    hasBin: true

  queue-microtask@1.2.3:
    resolution: {integrity: sha512-NuaNSa6flKT5JaSYQzJok04JzTL1CA6aGhv5rfLW3PgqA+M2ChpZQnAC8h8i4ZFkBS8X5RqkDBHA7r4hej3K9A==}

  reusify@1.0.4:
    resolution: {integrity: sha512-U9nH88a3fc/ekCF1l0/UP1IosiuIjyTh7hBvXVMHYgVcfGvt897Xguj2UOLDeI5BG2m7/uwyaLVT6fbtCwTyzw==}
    engines: {iojs: '>=1.0.0', node: '>=0.10.0'}

  rollup-plugin-dts@6.1.0:
    resolution: {integrity: sha512-ijSCPICkRMDKDLBK9torss07+8dl9UpY9z1N/zTeA1cIqdzMlpkV3MOOC7zukyvQfDyxa1s3Dl2+DeiP/G6DOw==}
    engines: {node: '>=16'}
    peerDependencies:
      rollup: ^3.29.4 || ^4
      typescript: ^4.5 || ^5.0

  rollup@4.17.1:
    resolution: {integrity: sha512-0gG94inrUtg25sB2V/pApwiv1lUb0bQ25FPNuzO89Baa+B+c0ccaaBKM5zkZV/12pUUdH+lWCSm9wmHqyocuVQ==}
    engines: {node: '>=18.0.0', npm: '>=8.0.0'}
    hasBin: true

  rslog@1.2.2:
    resolution: {integrity: sha512-tZP8KjrI1nz6qOYCrFxAV7cfmfS2GV94jotU2zOmF/6ByO1zNvGR6/+0inylpjqyBjAdnnutTUW0m4th06bSTw==}
    engines: {node: '>=14.17.6'}

  run-parallel@1.2.0:
    resolution: {integrity: sha512-5l4VyZR86LZ/lDxZTR6jqL8AFE2S0IFLMP26AbjsLVADxHdhB/c0GUsH+y39UfCi3dzz8OlQuPmnaJOMoDHQBA==}

  supports-color@5.5.0:
    resolution: {integrity: sha512-QjVjwdXIt408MIiAqCX4oUKsgU2EqAGzs2Ppkm4aQYbjm+ZEWEcW4SfFNTr4uMNZma0ey4f5lgLrkB0aX0QMow==}
    engines: {node: '>=4'}

  to-regex-range@5.0.1:
    resolution: {integrity: sha512-65P7iz6X5yEr1cwcgvQxbbIw7Uk3gOy5dIdtZ4rDveLqhrdJP+Li/Hx6tyK0NEb+2GCyneCMJiGqrADCSNk8sQ==}
    engines: {node: '>=8.0'}

  typescript@5.4.5:
    resolution: {integrity: sha512-vcI4UpRgg81oIRUFwR0WSIHKt11nJ7SAVlYNIu+QpqeyXP+gpQJy/Z4+F0aGxSE4MqwjyXvW/TzgkLAx2AGHwQ==}
    engines: {node: '>=14.17'}
    hasBin: true

  undici-types@5.26.5:
    resolution: {integrity: sha512-JlCMO+ehdEIKqlFxk6IfVoAUVmgz7cU7zD/h9XZ0qzeosSHmUJVOzSQvvYSYWXkFXC+IfLKSIffhv0sVZup6pA==}

  universalify@2.0.1:
    resolution: {integrity: sha512-gptHNQghINnc/vTGIk0SOFGFNXw7JVrlRUtConJRlvaw6DuX0wO5Jeko9sWrMBhh+PsYAZ7oXAiOnf/UKogyiw==}
    engines: {node: '>= 10.0.0'}

snapshots:

  '@babel/code-frame@7.24.2':
    dependencies:
      '@babel/highlight': 7.24.2
      picocolors: 1.0.0
    optional: true

  '@babel/helper-validator-identifier@7.22.20':
    optional: true

  '@babel/highlight@7.24.2':
    dependencies:
      '@babel/helper-validator-identifier': 7.22.20
      chalk: 2.4.2
      js-tokens: 4.0.0
      picocolors: 1.0.0
    optional: true

  '@jridgewell/sourcemap-codec@1.4.15': {}

  '@nodelib/fs.scandir@2.1.5':
    dependencies:
      '@nodelib/fs.stat': 2.0.5
      run-parallel: 1.2.0

  '@nodelib/fs.stat@2.0.5': {}

  '@nodelib/fs.walk@1.2.8':
    dependencies:
      '@nodelib/fs.scandir': 2.1.5
      fastq: 1.17.1

  '@rollup/rollup-android-arm-eabi@4.17.1':
    optional: true

  '@rollup/rollup-android-arm64@4.17.1':
    optional: true

  '@rollup/rollup-darwin-arm64@4.17.1':
    optional: true

  '@rollup/rollup-darwin-x64@4.17.1':
    optional: true

  '@rollup/rollup-linux-arm-gnueabihf@4.17.1':
    optional: true

  '@rollup/rollup-linux-arm-musleabihf@4.17.1':
    optional: true

  '@rollup/rollup-linux-arm64-gnu@4.17.1':
    optional: true

  '@rollup/rollup-linux-arm64-musl@4.17.1':
    optional: true

  '@rollup/rollup-linux-powerpc64le-gnu@4.17.1':
    optional: true

  '@rollup/rollup-linux-riscv64-gnu@4.17.1':
    optional: true

  '@rollup/rollup-linux-s390x-gnu@4.17.1':
    optional: true

  '@rollup/rollup-linux-x64-gnu@4.17.1':
    optional: true

  '@rollup/rollup-linux-x64-musl@4.17.1':
    optional: true

  '@rollup/rollup-win32-arm64-msvc@4.17.1':
    optional: true

  '@rollup/rollup-win32-ia32-msvc@4.17.1':
    optional: true

  '@rollup/rollup-win32-x64-msvc@4.17.1':
    optional: true

  '@swc/core-darwin-arm64@1.6.13':
    optional: true

  '@swc/core-darwin-x64@1.6.13':
    optional: true

  '@swc/core-linux-arm-gnueabihf@1.6.13':
    optional: true

  '@swc/core-linux-arm64-gnu@1.6.13':
    optional: true

  '@swc/core-linux-arm64-musl@1.6.13':
    optional: true

  '@swc/core-linux-x64-gnu@1.6.13':
    optional: true

  '@swc/core-linux-x64-musl@1.6.13':
    optional: true

  '@swc/core-win32-arm64-msvc@1.6.13':
    optional: true

  '@swc/core-win32-ia32-msvc@1.6.13':
    optional: true

  '@swc/core-win32-x64-msvc@1.6.13':
    optional: true

  '@swc/core@1.6.13':
    dependencies:
      '@swc/counter': 0.1.3
      '@swc/types': 0.1.9
    optionalDependencies:
      '@swc/core-darwin-arm64': 1.6.13
      '@swc/core-darwin-x64': 1.6.13
      '@swc/core-linux-arm-gnueabihf': 1.6.13
      '@swc/core-linux-arm64-gnu': 1.6.13
      '@swc/core-linux-arm64-musl': 1.6.13
      '@swc/core-linux-x64-gnu': 1.6.13
      '@swc/core-linux-x64-musl': 1.6.13
      '@swc/core-win32-arm64-msvc': 1.6.13
      '@swc/core-win32-ia32-msvc': 1.6.13
      '@swc/core-win32-x64-msvc': 1.6.13

  '@swc/counter@0.1.3': {}

  '@swc/types@0.1.9':
    dependencies:
      '@swc/counter': 0.1.3

  '@types/estree@1.0.5': {}

  '@types/fs-extra@11.0.4':
    dependencies:
      '@types/jsonfile': 6.1.4
      '@types/node': 18.19.31

  '@types/jsonfile@6.1.4':
    dependencies:
      '@types/node': 18.19.31

  '@types/node@18.19.31':
    dependencies:
      undici-types: 5.26.5

  '@vercel/ncc@0.38.1': {}

  ansi-styles@3.2.1:
    dependencies:
      color-convert: 1.9.3
    optional: true

  braces@3.0.2:
    dependencies:
      fill-range: 7.0.1

  chalk@2.4.2:
    dependencies:
      ansi-styles: 3.2.1
      escape-string-regexp: 1.0.5
      supports-color: 5.5.0
    optional: true

  color-convert@1.9.3:
    dependencies:
      color-name: 1.1.3
    optional: true

  color-name@1.1.3:
    optional: true

  escape-string-regexp@1.0.5:
    optional: true

  fast-glob@3.3.2:
    dependencies:
      '@nodelib/fs.stat': 2.0.5
      '@nodelib/fs.walk': 1.2.8
      glob-parent: 5.1.2
      merge2: 1.4.1
      micromatch: 4.0.5

  fastq@1.17.1:
    dependencies:
      reusify: 1.0.4

  fill-range@7.0.1:
    dependencies:
      to-regex-range: 5.0.1

  fs-extra@11.2.0:
    dependencies:
      graceful-fs: 4.2.11
      jsonfile: 6.1.0
      universalify: 2.0.1

  fsevents@2.3.3:
    optional: true

  glob-parent@5.1.2:
    dependencies:
      is-glob: 4.0.3

  graceful-fs@4.2.11: {}

  has-flag@3.0.0:
    optional: true

  is-extglob@2.1.1: {}

  is-glob@4.0.3:
    dependencies:
      is-extglob: 2.1.1

  is-number@7.0.0: {}

  js-tokens@4.0.0:
    optional: true

  jsonfile@6.1.0:
    dependencies:
      universalify: 2.0.1
    optionalDependencies:
      graceful-fs: 4.2.11

  magic-string@0.30.10:
    dependencies:
      '@jridgewell/sourcemap-codec': 1.4.15

  merge2@1.4.1: {}

  micromatch@4.0.5:
    dependencies:
      braces: 3.0.2
      picomatch: 2.3.1

  picocolors@1.0.0:
    optional: true

  picomatch@2.3.1: {}

  prettier@3.2.5: {}

  queue-microtask@1.2.3: {}

  reusify@1.0.4: {}

  rollup-plugin-dts@6.1.0(rollup@4.17.1)(typescript@5.4.5):
    dependencies:
      magic-string: 0.30.10
      rollup: 4.17.1
      typescript: 5.4.5
    optionalDependencies:
      '@babel/code-frame': 7.24.2

  rollup@4.17.1:
    dependencies:
      '@types/estree': 1.0.5
    optionalDependencies:
      '@rollup/rollup-android-arm-eabi': 4.17.1
      '@rollup/rollup-android-arm64': 4.17.1
      '@rollup/rollup-darwin-arm64': 4.17.1
      '@rollup/rollup-darwin-x64': 4.17.1
      '@rollup/rollup-linux-arm-gnueabihf': 4.17.1
      '@rollup/rollup-linux-arm-musleabihf': 4.17.1
      '@rollup/rollup-linux-arm64-gnu': 4.17.1
      '@rollup/rollup-linux-arm64-musl': 4.17.1
      '@rollup/rollup-linux-powerpc64le-gnu': 4.17.1
      '@rollup/rollup-linux-riscv64-gnu': 4.17.1
      '@rollup/rollup-linux-s390x-gnu': 4.17.1
      '@rollup/rollup-linux-x64-gnu': 4.17.1
      '@rollup/rollup-linux-x64-musl': 4.17.1
      '@rollup/rollup-win32-arm64-msvc': 4.17.1
      '@rollup/rollup-win32-ia32-msvc': 4.17.1
      '@rollup/rollup-win32-x64-msvc': 4.17.1
      fsevents: 2.3.3

  rslog@1.2.2: {}

  run-parallel@1.2.0:
    dependencies:
      queue-microtask: 1.2.3

  supports-color@5.5.0:
    dependencies:
      has-flag: 3.0.0
    optional: true

  to-regex-range@5.0.1:
    dependencies:
      is-number: 7.0.0

  typescript@5.4.5: {}

  undici-types@5.26.5: {}

  universalify@2.0.1: {}
